# THIS IS AN AUTOGENERATED FILE. DO NOT EDIT THIS FILE DIRECTLY.
# yarn lockfile v1


trix@^1.0.0:
  version "1.0.0"
  resolved "https://registry.yarnpkg.com/trix/-/trix-1.0.0.tgz#e9cc98cf6030c908f8d54e317b5b072f927b0c6b"
  integrity sha512-feli9QVXe6gzZOCUfpPGpNDURW9jMciIRVQ5gkDudOctcA1oMtI5K/qEbsL2rFCoGl1rSoeRt+HPhIFGyQscKg==
